github.com/ogios/sutils v0.1.5 h1:d01yRiufMZMN0R2SMF+xvsiMkOMWgB45XBfRazOBxqA=
github.com/ogios/sutils v0.1.5/go.mod h1:nPIARZnGDLW/kZA/gGfGHYXVV3JXpvOXuhoa1qWZOV4=
golang.org/x/exp v0.0.0-20230905200255-921286631fa9 h1:GoHiUyI/Tp2nVkLI2mCxVkOjsbSXD66ic0XW0js0R9g=
golang.org/x/exp v0.0.0-20230905200255-921286631fa9/go.mod h1:S2oDrQGGwySpoQPVqRShND87VCbxmc6bL1Yd2oYrm6k=
